<?xml version="1.0" encoding="UTF-8"?>
<CONFIG>
  <ProjectOptions>
    <Version Value="13"/>
    <General>
      <SessionStorage Value="InProjectDir"/>
      <Title Value="Heckers Sketch"/>
      <Scaled Value="True"/>
      <ResourceType Value="res"/>
      <UseXPManifest Value="True"/>
      <XPManifest>
        <DpiAware Value="True"/>
      </XPManifest>
      <Icon Value="0"/>
    </General>
    <VersionInfo>
      <UseVersionInfo Value="True"/>
      <StringTable CompanyName="NozelFab Incorporated" FileDescription="Heckers Sketch" LegalCopyright="NozelFab Incorporated" ProductName="Heckers Sketch"/>
    </VersionInfo>
    <BuildModes>
      <Item Name="Default" Default="True"/>
      <Item Name="Debug">
        <CompilerOptions>
          <Version Value="11"/>
          <Target>
            <Filename Value="etchasketch"/>
          </Target>
          <SearchPaths>
            <IncludeFiles Value="$(ProjOutDir)"/>
            <OtherUnitFiles Value="webp;crypto;crypto/vendor-fixes/Interfaces;../CryptoLib4Pascal/CryptoLib/src;../CryptoLib4Pascal/CryptoLib/src/Asn1;../CryptoLib4Pascal/CryptoLib/src/Crypto;../CryptoLib4Pascal/CryptoLib/src/Math;../CryptoLib4Pascal/CryptoLib/src/Security;../CryptoLib4Pascal/CryptoLib/src/Interfaces;../CryptoLib4Pascal/CryptoLib/src/Utils;../CryptoLib4Pascal/CryptoLib/src/Packages;../CryptoLib4Pascal/CryptoLib/src/Include;../CryptoLib4Pascal/CryptoLib/src/Asn1/Iana;../CryptoLib4Pascal/CryptoLib/src/Asn1/CryptLib;../CryptoLib4Pascal/CryptoLib/src/Asn1/Oiw;../CryptoLib4Pascal/CryptoLib/src/Asn1/Bsi;../CryptoLib4Pascal/CryptoLib/src/Asn1/Sec;../CryptoLib4Pascal/CryptoLib/src/Asn1/X9;../CryptoLib4Pascal/CryptoLib/src/Asn1/RossStandart;../CryptoLib4Pascal/CryptoLib/src/Asn1/CryptoPro;../CryptoLib4Pascal/CryptoLib/src/Asn1/Eac;../CryptoLib4Pascal/CryptoLib/src/Asn1/Pkcs;../CryptoLib4Pascal/CryptoLib/src/Asn1/Misc;../CryptoLib4Pascal/CryptoLib/src/Asn1/Nist;../CryptoLib4Pascal/CryptoLib/src/Asn1/X509;../CryptoLib4Pascal/CryptoLib/src/Asn1/Edec;../CryptoLib4Pascal/CryptoLib/src/Asn1/TeleTrust;../CryptoLib4Pascal/CryptoLib/src/Crypto/EC;../CryptoLib4Pascal/CryptoLib/src/Crypto/Agreement;../CryptoLib4Pascal/CryptoLib/src/Crypto/Paddings;../CryptoLib4Pascal/CryptoLib/src/Crypto/Generators;../CryptoLib4Pascal/CryptoLib/src/Crypto/Engines;../CryptoLib4Pascal/CryptoLib/src/Crypto/Signers;../CryptoLib4Pascal/CryptoLib/src/Crypto/Modes;../CryptoLib4Pascal/CryptoLib/src/Crypto/Prng;../CryptoLib4Pascal/CryptoLib/src/Crypto/Parsers;../CryptoLib4Pascal/CryptoLib/src/Crypto/Digests;../CryptoLib4Pascal/CryptoLib/src/Crypto/Parameters;../CryptoLib4Pascal/CryptoLib/src/Crypto/Macs;../CryptoLib4Pascal/CryptoLib/src/Math/EC;../CryptoLib4Pascal/CryptoLib/src/Math/Raw;../CryptoLib4Pascal/CryptoLib/src/Math/Field;../CryptoLib4Pascal/CryptoLib/src/Utils/Rng;../CryptoLib4Pascal/CryptoLib/src/Utils/Randoms;../CryptoLib4Pascal/CryptoLib/src/Utils/Encoders;../CryptoLib4Pascal/CryptoLib/src/Crypto/Signers/SignersEncodings;../CryptoLib4Pascal/CryptoLib/src/Math/EC/Multiplier;../CryptoLib4Pascal/CryptoLib/src/Math/EC/Rfc8032;../CryptoLib4Pascal/CryptoLib/src/Math/EC/Custom;../CryptoLib4Pascal/CryptoLib/src/Math/EC/Rfc7748;../CryptoLib4Pascal/CryptoLib/src/Math/EC/Endo;../CryptoLib4Pascal/CryptoLib/src/Math/EC/Abc;../CryptoLib4Pascal/CryptoLib/src/Math/EC/Custom/Sec;../CryptoLib4Pascal/CryptoLib/src/Math/EC/Custom/Djb;../HashLib4Pascal/HashLib/src;../HashLib4Pascal/HashLib/src/Crypto;../HashLib4Pascal/HashLib/src/KDF;../HashLib4Pascal/HashLib/src/Base;../HashLib4Pascal/HashLib/src/Checksum;../HashLib4Pascal/HashLib/src/NullDigest;../HashLib4Pascal/HashLib/src/Interfaces;../HashLib4Pascal/HashLib/src/Nullable;../HashLib4Pascal/HashLib/src/Hash32;../HashLib4Pascal/HashLib/src/Utils;../HashLib4Pascal/HashLib/src/Hash64;../HashLib4Pascal/HashLib/src/Packages;../HashLib4Pascal/HashLib/src/Hash128;../HashLib4Pascal/HashLib/src/Include;../HashLib4Pascal/HashLib/src/Crypto/Blake2BParams;../HashLib4Pascal/HashLib/src/Crypto/Blake2SParams;../HashLib4Pascal/HashLib/src/Interfaces/IBlake2SParams;../HashLib4Pascal/HashLib/src/Interfaces/IBlake2BParams;../SimpleBaseLib4Pascal/SimpleBaseLib/src;../SimpleBaseLib4Pascal/SimpleBaseLib/src/Interfaces;../SimpleBaseLib4Pascal/SimpleBaseLib/src/Utils;../SimpleBaseLib4Pascal/SimpleBaseLib/src/Packages;../SimpleBaseLib4Pascal/SimpleBaseLib/src/Bases;../SimpleBaseLib4Pascal/SimpleBaseLib/src/Include"/>
            <UnitOutputDirectory Value="lib/$(TargetCPU)-$(TargetOS)"/>
          </SearchPaths>
          <Parsing>
            <SyntaxOptions>
              <IncludeAssertionCode Value="True"/>
            </SyntaxOptions>
          </Parsing>
          <CodeGeneration>
            <Checks>
              <IOChecks Value="True"/>
              <RangeChecks Value="True"/>
              <OverflowChecks Value="True"/>
              <StackChecks Value="True"/>
            </Checks>
            <VerifyObjMethodCallValidity Value="True"/>
          </CodeGeneration>
          <Linking>
            <Debugging>
              <DebugInfoType Value="dsDwarf3"/>
              <UseHeaptrc Value="True"/>
              <TrashVariables Value="True"/>
              <UseExternalDbgSyms Value="True"/>
            </Debugging>
            <Options>
              <Win32>
                <GraphicApplication Value="True"/>
              </Win32>
            </Options>
          </Linking>
        </CompilerOptions>
      </Item>
      <Item Name="Release">
        <CompilerOptions>
          <Version Value="11"/>
          <Target>
            <Filename Value="etchasketch"/>
          </Target>
          <SearchPaths>
            <IncludeFiles Value="$(ProjOutDir)"/>
            <OtherUnitFiles Value="webp;crypto;crypto/vendor-fixes/Interfaces;../CryptoLib4Pascal/CryptoLib/src;../CryptoLib4Pascal/CryptoLib/src/Asn1;../CryptoLib4Pascal/CryptoLib/src/Crypto;../CryptoLib4Pascal/CryptoLib/src/Math;../CryptoLib4Pascal/CryptoLib/src/Security;../CryptoLib4Pascal/CryptoLib/src/Interfaces;../CryptoLib4Pascal/CryptoLib/src/Utils;../CryptoLib4Pascal/CryptoLib/src/Packages;../CryptoLib4Pascal/CryptoLib/src/Include;../CryptoLib4Pascal/CryptoLib/src/Asn1/Iana;../CryptoLib4Pascal/CryptoLib/src/Asn1/CryptLib;../CryptoLib4Pascal/CryptoLib/src/Asn1/Oiw;../CryptoLib4Pascal/CryptoLib/src/Asn1/Bsi;../CryptoLib4Pascal/CryptoLib/src/Asn1/Sec;../CryptoLib4Pascal/CryptoLib/src/Asn1/X9;../CryptoLib4Pascal/CryptoLib/src/Asn1/RossStandart;../CryptoLib4Pascal/CryptoLib/src/Asn1/CryptoPro;../CryptoLib4Pascal/CryptoLib/src/Asn1/Eac;../CryptoLib4Pascal/CryptoLib/src/Asn1/Pkcs;../CryptoLib4Pascal/CryptoLib/src/Asn1/Misc;../CryptoLib4Pascal/CryptoLib/src/Asn1/Nist;../CryptoLib4Pascal/CryptoLib/src/Asn1/X509;../CryptoLib4Pascal/CryptoLib/src/Asn1/Edec;../CryptoLib4Pascal/CryptoLib/src/Asn1/TeleTrust;../CryptoLib4Pascal/CryptoLib/src/Crypto/EC;../CryptoLib4Pascal/CryptoLib/src/Crypto/Agreement;../CryptoLib4Pascal/CryptoLib/src/Crypto/Paddings;../CryptoLib4Pascal/CryptoLib/src/Crypto/Generators;../CryptoLib4Pascal/CryptoLib/src/Crypto/Engines;../CryptoLib4Pascal/CryptoLib/src/Crypto/Signers;../CryptoLib4Pascal/CryptoLib/src/Crypto/Modes;../CryptoLib4Pascal/CryptoLib/src/Crypto/Prng;../CryptoLib4Pascal/CryptoLib/src/Crypto/Parsers;../CryptoLib4Pascal/CryptoLib/src/Crypto/Digests;../CryptoLib4Pascal/CryptoLib/src/Crypto/Parameters;../CryptoLib4Pascal/CryptoLib/src/Crypto/Macs;../CryptoLib4Pascal/CryptoLib/src/Math/EC;../CryptoLib4Pascal/CryptoLib/src/Math/Raw;../CryptoLib4Pascal/CryptoLib/src/Math/Field;../CryptoLib4Pascal/CryptoLib/src/Utils/Rng;../CryptoLib4Pascal/CryptoLib/src/Utils/Randoms;../CryptoLib4Pascal/CryptoLib/src/Utils/Encoders;../CryptoLib4Pascal/CryptoLib/src/Crypto/Signers/SignersEncodings;../CryptoLib4Pascal/CryptoLib/src/Math/EC/Multiplier;../CryptoLib4Pascal/CryptoLib/src/Math/EC/Rfc8032;../CryptoLib4Pascal/CryptoLib/src/Math/EC/Custom;../CryptoLib4Pascal/CryptoLib/src/Math/EC/Rfc7748;../CryptoLib4Pascal/CryptoLib/src/Math/EC/Endo;../CryptoLib4Pascal/CryptoLib/src/Math/EC/Abc;../CryptoLib4Pascal/CryptoLib/src/Math/EC/Custom/Sec;../CryptoLib4Pascal/CryptoLib/src/Math/EC/Custom/Djb;../HashLib4Pascal/HashLib/src;../HashLib4Pascal/HashLib/src/Crypto;../HashLib4Pascal/HashLib/src/KDF;../HashLib4Pascal/HashLib/src/Base;../HashLib4Pascal/HashLib/src/Checksum;../HashLib4Pascal/HashLib/src/NullDigest;../HashLib4Pascal/HashLib/src/Interfaces;../HashLib4Pascal/HashLib/src/Nullable;../HashLib4Pascal/HashLib/src/Hash32;../HashLib4Pascal/HashLib/src/Utils;../HashLib4Pascal/HashLib/src/Hash64;../HashLib4Pascal/HashLib/src/Packages;../HashLib4Pascal/HashLib/src/Hash128;../HashLib4Pascal/HashLib/src/Include;../HashLib4Pascal/HashLib/src/Crypto/Blake2BParams;../HashLib4Pascal/HashLib/src/Crypto/Blake2SParams;../HashLib4Pascal/HashLib/src/Interfaces/IBlake2SParams;../HashLib4Pascal/HashLib/src/Interfaces/IBlake2BParams;../SimpleBaseLib4Pascal/SimpleBaseLib/src;../SimpleBaseLib4Pascal/SimpleBaseLib/src/Interfaces;../SimpleBaseLib4Pascal/SimpleBaseLib/src/Utils;../SimpleBaseLib4Pascal/SimpleBaseLib/src/Packages;../SimpleBaseLib4Pascal/SimpleBaseLib/src/Bases;../SimpleBaseLib4Pascal/SimpleBaseLib/src/Include"/>
            <UnitOutputDirectory Value="lib/$(TargetCPU)-$(TargetOS)"/>
          </SearchPaths>
          <CodeGeneration>
            <SmartLinkUnit Value="True"/>
            <Optimizations>
              <OptimizationLevel Value="3"/>
            </Optimizations>
          </CodeGeneration>
          <Linking>
            <Debugging>
              <DebugInfoType Value="dsDwarf3"/>
              <UseExternalDbgSyms Value="True"/>
            </Debugging>
            <LinkSmart Value="True"/>
            <Options>
              <Win32>
                <GraphicApplication Value="True"/>
              </Win32>
            </Options>
          </Linking>
        </CompilerOptions>
      </Item>
    </BuildModes>
    <PublishOptions>
      <Version Value="2"/>
      <DestinationDirectory Value="/media/tony/storpart/GIT/noelladev/etchasketch"/>
      <CompressFinally Value="False"/>
      <OpenInFileMan Value="True"/>
      <UseFileFilters Value="True"/>
    </PublishOptions>
    <RunParams>
      <FormatVersion Value="2"/>
    </RunParams>
    <RequiredPackages>
      <Item>
        <PackageName Value="BGRAControls"/>
      </Item>
      <Item>
        <PackageName Value="BGRABitmapPack"/>
      </Item>
      <Item>
        <PackageName Value="Printer4Lazarus"/>
      </Item>
      <Item>
        <PackageName Value="LazInk"/>
        <DefaultFilename Value="../LazInk/lazink.lpk" Prefer="True"/>
      </Item>
      <Item>
        <PackageName Value="SynEdit"/>
      </Item>
      <Item>
        <PackageName Value="LCL"/>
      </Item>
    </RequiredPackages>
    <Units>
      <Unit>
        <Filename Value="etchasketch.lpr"/>
        <IsPartOfProject Value="True"/>
      </Unit>
      <Unit>
        <Filename Value="uMain.pas"/>
        <IsPartOfProject Value="True"/>
        <ComponentName Value="MainForm"/>
        <HasResources Value="True"/>
        <ResourceBaseClass Value="Form"/>
      </Unit>
      <Unit>
        <Filename Value="uSurface.pas"/>
        <IsPartOfProject Value="True"/>
      </Unit>
      <Unit>
        <Filename Value="uTri.pas"/>
        <IsPartOfProject Value="True"/>
      </Unit>
      <Unit>
        <Filename Value="uShoot.pas"/>
        <IsPartOfProject Value="True"/>
      </Unit>
      <Unit>
        <Filename Value="uDlgSkin.pas"/>
        <IsPartOfProject Value="True"/>
      </Unit>
      <Unit>
        <Filename Value="uRecord.pas"/>
        <IsPartOfProject Value="True"/>
      </Unit>
      <Unit>
        <Filename Value="uExample.pas"/>
        <IsPartOfProject Value="True"/>
      </Unit>
      <Unit>
        <Filename Value="uExGlass.pas"/>
        <IsPartOfProject Value="True"/>
      </Unit>
      <Unit>
        <Filename Value="uExBroom.pas"/>
        <IsPartOfProject Value="True"/>
      </Unit>
      <Unit>
        <Filename Value="uExRobot.pas"/>
        <IsPartOfProject Value="True"/>
      </Unit>
      <Unit>
        <Filename Value="uExBall.pas"/>
        <IsPartOfProject Value="True"/>
      </Unit>
      <Unit>
        <Filename Value="uExamples.pas"/>
        <IsPartOfProject Value="True"/>
      </Unit>
      <Unit>
        <Filename Value="uExport.pas"/>
        <IsPartOfProject Value="True"/>
      </Unit>
      <Unit>
        <Filename Value="uSkin.pas"/>
        <IsPartOfProject Value="True"/>
      </Unit>
      <Unit>
        <Filename Value="uWork.pas"/>
        <IsPartOfProject Value="True"/>
      </Unit>
      <Unit>
        <Filename Value="uUpdateForm.pas"/>
        <IsPartOfProject Value="True"/>
        <ComponentName Value="UpdateForm"/>
        <HasResources Value="True"/>
        <ResourceBaseClass Value="Form"/>
      </Unit>
      <Unit>
        <Filename Value="uHelpView.pas"/>
        <IsPartOfProject Value="True"/>
        <ComponentName Value="HelpForm"/>
        <HasResources Value="True"/>
        <ResourceBaseClass Value="Form"/>
      </Unit>
      <Unit>
        <Filename Value="uHelpImage.pas"/>
        <IsPartOfProject Value="True"/>
        <ComponentName Value="HelpImageForm"/>
        <HasResources Value="True"/>
        <ResourceBaseClass Value="Form"/>
      </Unit>
      <Unit>
        <Filename Value="uHelpDocs.pas"/>
        <IsPartOfProject Value="True"/>
      </Unit>
      <Unit>
        <Filename Value="uWhatsNew.pas"/>
        <IsPartOfProject Value="True"/>
        <ComponentName Value="WhatsNewForm"/>
        <HasResources Value="True"/>
        <ResourceBaseClass Value="Form"/>
      </Unit>
      <Unit>
        <Filename Value="uTransition.pas"/>
        <IsPartOfProject Value="True"/>
        <ComponentName Value="TransitionForm"/>
        <HasResources Value="True"/>
        <ResourceBaseClass Value="Form"/>
      </Unit>
      <Unit>
        <Filename Value="uFieldElbow.pas"/>
        <IsPartOfProject Value="True"/>
        <ComponentName Value="FieldElbowForm"/>
        <HasResources Value="True"/>
        <ResourceBaseClass Value="Form"/>
      </Unit>
      <Unit>
        <Filename Value="uSpool.pas"/>
        <IsPartOfProject Value="True"/>
        <ComponentName Value="SpoolForm"/>
        <HasResources Value="True"/>
        <ResourceBaseClass Value="Form"/>
      </Unit>
      <Unit>
        <Filename Value="uSplash.pas"/>
        <IsPartOfProject Value="True"/>
        <ComponentName Value="SpoolForm"/>
        <HasResources Value="True"/>
        <ResourceBaseClass Value="Form"/>
      </Unit>
      <Unit>
        <Filename Value="uSysInfo.pas"/>
        <IsPartOfProject Value="True"/>
        <ComponentName Value="SpoolForm"/>
        <HasResources Value="True"/>
        <ResourceBaseClass Value="Form"/>
      </Unit>
      <Unit>
        <Filename Value="uTouch.pas"/>
        <IsPartOfProject Value="True"/>
        <ComponentName Value="SpoolForm"/>
        <HasResources Value="True"/>
        <ResourceBaseClass Value="Form"/>
      </Unit>
      <Unit>
        <Filename Value="uTapeWizard.pas"/>
        <IsPartOfProject Value="True"/>
        <ComponentName Value="SpoolForm"/>
        <HasResources Value="True"/>
        <ResourceBaseClass Value="Form"/>
      </Unit>
      <Unit>
        <Filename Value="uSendForm.pas"/>
        <IsPartOfProject Value="True"/>
        <ComponentName Value="SendForm"/>
        <HasResources Value="True"/>
        <ResourceBaseClass Value="Form"/>
      </Unit>
      <Unit>
        <Filename Value="uSourceView.pas"/>
        <IsPartOfProject Value="True"/>
        <ComponentName Value="SourceForm"/>
        <HasResources Value="True"/>
        <ResourceBaseClass Value="Form"/>
      </Unit>
    </Units>
  </ProjectOptions>
  <CompilerOptions>
    <Version Value="11"/>
    <Target>
      <Filename Value="etchasketch"/>
    </Target>
    <SearchPaths>
      <IncludeFiles Value="$(ProjOutDir)"/>
            <OtherUnitFiles Value="webp;crypto;crypto/vendor-fixes/Interfaces;../CryptoLib4Pascal/CryptoLib/src;../CryptoLib4Pascal/CryptoLib/src/Asn1;../CryptoLib4Pascal/CryptoLib/src/Crypto;../CryptoLib4Pascal/CryptoLib/src/Math;../CryptoLib4Pascal/CryptoLib/src/Security;../CryptoLib4Pascal/CryptoLib/src/Interfaces;../CryptoLib4Pascal/CryptoLib/src/Utils;../CryptoLib4Pascal/CryptoLib/src/Packages;../CryptoLib4Pascal/CryptoLib/src/Include;../CryptoLib4Pascal/CryptoLib/src/Asn1/Iana;../CryptoLib4Pascal/CryptoLib/src/Asn1/CryptLib;../CryptoLib4Pascal/CryptoLib/src/Asn1/Oiw;../CryptoLib4Pascal/CryptoLib/src/Asn1/Bsi;../CryptoLib4Pascal/CryptoLib/src/Asn1/Sec;../CryptoLib4Pascal/CryptoLib/src/Asn1/X9;../CryptoLib4Pascal/CryptoLib/src/Asn1/RossStandart;../CryptoLib4Pascal/CryptoLib/src/Asn1/CryptoPro;../CryptoLib4Pascal/CryptoLib/src/Asn1/Eac;../CryptoLib4Pascal/CryptoLib/src/Asn1/Pkcs;../CryptoLib4Pascal/CryptoLib/src/Asn1/Misc;../CryptoLib4Pascal/CryptoLib/src/Asn1/Nist;../CryptoLib4Pascal/CryptoLib/src/Asn1/X509;../CryptoLib4Pascal/CryptoLib/src/Asn1/Edec;../CryptoLib4Pascal/CryptoLib/src/Asn1/TeleTrust;../CryptoLib4Pascal/CryptoLib/src/Crypto/EC;../CryptoLib4Pascal/CryptoLib/src/Crypto/Agreement;../CryptoLib4Pascal/CryptoLib/src/Crypto/Paddings;../CryptoLib4Pascal/CryptoLib/src/Crypto/Generators;../CryptoLib4Pascal/CryptoLib/src/Crypto/Engines;../CryptoLib4Pascal/CryptoLib/src/Crypto/Signers;../CryptoLib4Pascal/CryptoLib/src/Crypto/Modes;../CryptoLib4Pascal/CryptoLib/src/Crypto/Prng;../CryptoLib4Pascal/CryptoLib/src/Crypto/Parsers;../CryptoLib4Pascal/CryptoLib/src/Crypto/Digests;../CryptoLib4Pascal/CryptoLib/src/Crypto/Parameters;../CryptoLib4Pascal/CryptoLib/src/Crypto/Macs;../CryptoLib4Pascal/CryptoLib/src/Math/EC;../CryptoLib4Pascal/CryptoLib/src/Math/Raw;../CryptoLib4Pascal/CryptoLib/src/Math/Field;../CryptoLib4Pascal/CryptoLib/src/Utils/Rng;../CryptoLib4Pascal/CryptoLib/src/Utils/Randoms;../CryptoLib4Pascal/CryptoLib/src/Utils/Encoders;../CryptoLib4Pascal/CryptoLib/src/Crypto/Signers/SignersEncodings;../CryptoLib4Pascal/CryptoLib/src/Math/EC/Multiplier;../CryptoLib4Pascal/CryptoLib/src/Math/EC/Rfc8032;../CryptoLib4Pascal/CryptoLib/src/Math/EC/Custom;../CryptoLib4Pascal/CryptoLib/src/Math/EC/Rfc7748;../CryptoLib4Pascal/CryptoLib/src/Math/EC/Endo;../CryptoLib4Pascal/CryptoLib/src/Math/EC/Abc;../CryptoLib4Pascal/CryptoLib/src/Math/EC/Custom/Sec;../CryptoLib4Pascal/CryptoLib/src/Math/EC/Custom/Djb;../HashLib4Pascal/HashLib/src;../HashLib4Pascal/HashLib/src/Crypto;../HashLib4Pascal/HashLib/src/KDF;../HashLib4Pascal/HashLib/src/Base;../HashLib4Pascal/HashLib/src/Checksum;../HashLib4Pascal/HashLib/src/NullDigest;../HashLib4Pascal/HashLib/src/Interfaces;../HashLib4Pascal/HashLib/src/Nullable;../HashLib4Pascal/HashLib/src/Hash32;../HashLib4Pascal/HashLib/src/Utils;../HashLib4Pascal/HashLib/src/Hash64;../HashLib4Pascal/HashLib/src/Packages;../HashLib4Pascal/HashLib/src/Hash128;../HashLib4Pascal/HashLib/src/Include;../HashLib4Pascal/HashLib/src/Crypto/Blake2BParams;../HashLib4Pascal/HashLib/src/Crypto/Blake2SParams;../HashLib4Pascal/HashLib/src/Interfaces/IBlake2SParams;../HashLib4Pascal/HashLib/src/Interfaces/IBlake2BParams;../SimpleBaseLib4Pascal/SimpleBaseLib/src;../SimpleBaseLib4Pascal/SimpleBaseLib/src/Interfaces;../SimpleBaseLib4Pascal/SimpleBaseLib/src/Utils;../SimpleBaseLib4Pascal/SimpleBaseLib/src/Packages;../SimpleBaseLib4Pascal/SimpleBaseLib/src/Bases;../SimpleBaseLib4Pascal/SimpleBaseLib/src/Include"/>
      <UnitOutputDirectory Value="lib/$(TargetCPU)-$(TargetOS)"/>
    </SearchPaths>
    <Linking>
      <Debugging>
        <DebugInfoType Value="dsDwarf2Set"/>
      </Debugging>
      <Options>
        <Win32>
          <GraphicApplication Value="True"/>
        </Win32>
      </Options>
    </Linking>
  </CompilerOptions>
</CONFIG>
